
Microsoft Visual Studio Solution File, Format Version 12.00
# Visual Studio 2012
Project("{FAE04EC0-301F-11D3-BF4B-00C04F79EFBC}") = "alatas", "alatas.csproj", "{C0AFF96B-65A9-4328-800D-866072E41F25}"
EndProject
Global
	GlobalSection(SolutionConfigurationPlatforms) = preSolution
		Debug|Any CPU = Debug|Any CPU
		Release|Any CPU = Release|Any CPU
	EndGlobalSection
	GlobalSection(ProjectConfigurationPlatforms) = postSolution
		{C0AFF96B-65A9-4328-800D-866072E41F25}.Debug|Any CPU.ActiveCfg = Debug|Any CPU
		{C0AFF96B-65A9-4328-800D-866072E41F25}.Debug|Any CPU.Build.0 = Debug|Any CPU
		{C0AFF96B-65A9-4328-800D-866072E41F25}.Release|Any CPU.ActiveCfg = Release|Any CPU
		{C0AFF96B-65A9-4328-800D-866072E41F25}.Release|Any CPU.Build.0 = Release|Any CPU
	EndGlobalSection
EndGlobal
